
Microsoft Visual Studio Solution File, Format Version 12.00
# Visual Studio Version 16
VisualStudioVersion = 16.0.32413.511
MinimumVisualStudioVersion = 10.0.40219.1
Project("{FAE04EC0-301F-11D3-BF4B-00C04F79EFBC}") = "SimulatedDeviceScooters", "SimulatedDeviceScooters\SimulatedDeviceScooters.csproj", "{13D60B78-9695-481F-AC45-066972416708}"
EndProject
Global
	GlobalSection(SolutionConfigurationPlatforms) = preSolution
		Debug|Any CPU = Debug|Any CPU
		Release|Any CPU = Release|Any CPU
	EndGlobalSection
	GlobalSection(ProjectConfigurationPlatforms) = postSolution
		{13D60B78-9695-481F-AC45-066972416708}.Debug|Any CPU.ActiveCfg = Debug|Any CPU
		{13D60B78-9695-481F-AC45-066972416708}.Debug|Any CPU.Build.0 = Debug|Any CPU
		{13D60B78-9695-481F-AC45-066972416708}.Release|Any CPU.ActiveCfg = Release|Any CPU
		{13D60B78-9695-481F-AC45-066972416708}.Release|Any CPU.Build.0 = Release|Any CPU
	EndGlobalSection
	GlobalSection(SolutionProperties) = preSolution
		HideSolutionNode = FALSE
	EndGlobalSection
	GlobalSection(ExtensibilityGlobals) = postSolution
		SolutionGuid = {FB556233-EAE0-4B10-AC56-31912C9CAEE9}
	EndGlobalSection
EndGlobal
